
Microsoft Visual Studio Solution File, Format Version 12.00
# Visual Studio Version 16
VisualStudioVersion = 16.0.32002.261
MinimumVisualStudioVersion = 10.0.40219.1
Project("{FAE04EC0-301F-11D3-BF4B-00C04F79EFBC}") = "Soru1", "Soru1.csproj", "{EE41DCC7-D771-4248-BA44-1C0EFF864E84}"
EndProject
Global
	GlobalSection(SolutionConfigurationPlatforms) = preSolution
		Debug|Any CPU = Debug|Any CPU
		Release|Any CPU = Release|Any CPU
	EndGlobalSection
	GlobalSection(ProjectConfigurationPlatforms) = postSolution
		{EE41DCC7-D771-4248-BA44-1C0EFF864E84}.Debug|Any CPU.ActiveCfg = Debug|Any CPU
		{EE41DCC7-D771-4248-BA44-1C0EFF864E84}.Debug|Any CPU.Build.0 = Debug|Any CPU
		{EE41DCC7-D771-4248-BA44-1C0EFF864E84}.Release|Any CPU.ActiveCfg = Release|Any CPU
		{EE41DCC7-D771-4248-BA44-1C0EFF864E84}.Release|Any CPU.Build.0 = Release|Any CPU
	EndGlobalSection
	GlobalSection(SolutionProperties) = preSolution
		HideSolutionNode = FALSE
	EndGlobalSection
	GlobalSection(ExtensibilityGlobals) = postSolution
		SolutionGuid = {92FA656B-465B-4D3C-9906-C6AB6D8C5CD3}
	EndGlobalSection
EndGlobal
