
Microsoft Visual Studio Solution File, Format Version 12.00
# Visual Studio Version 16
VisualStudioVersion = 16.0.32002.261
MinimumVisualStudioVersion = 10.0.40219.1
Project("{FAE04EC0-301F-11D3-BF4B-00C04F79EFBC}") = "04.04.2022", "04.04.2022.csproj", "{67E5C298-F5C6-4E61-82BD-616F03D6E7CF}"
EndProject
Global
	GlobalSection(SolutionConfigurationPlatforms) = preSolution
		Debug|Any CPU = Debug|Any CPU
		Release|Any CPU = Release|Any CPU
	EndGlobalSection
	GlobalSection(ProjectConfigurationPlatforms) = postSolution
		{67E5C298-F5C6-4E61-82BD-616F03D6E7CF}.Debug|Any CPU.ActiveCfg = Debug|Any CPU
		{67E5C298-F5C6-4E61-82BD-616F03D6E7CF}.Debug|Any CPU.Build.0 = Debug|Any CPU
		{67E5C298-F5C6-4E61-82BD-616F03D6E7CF}.Release|Any CPU.ActiveCfg = Release|Any CPU
		{67E5C298-F5C6-4E61-82BD-616F03D6E7CF}.Release|Any CPU.Build.0 = Release|Any CPU
	EndGlobalSection
	GlobalSection(SolutionProperties) = preSolution
		HideSolutionNode = FALSE
	EndGlobalSection
	GlobalSection(ExtensibilityGlobals) = postSolution
		SolutionGuid = {2BBA39FD-DBE0-4F62-98FA-B4FBB13D0F52}
	EndGlobalSection
EndGlobal
