
Microsoft Visual Studio Solution File, Format Version 12.00
# Visual Studio Version 16
VisualStudioVersion = 16.0.32002.261
MinimumVisualStudioVersion = 10.0.40219.1
Project("{FAE04EC0-301F-11D3-BF4B-00C04F79EFBC}") = "InsertionSort", "InsertionSort.csproj", "{F6C723D3-6B51-43CF-A608-6E3FE66C80DC}"
EndProject
Global
	GlobalSection(SolutionConfigurationPlatforms) = preSolution
		Debug|Any CPU = Debug|Any CPU
		Release|Any CPU = Release|Any CPU
	EndGlobalSection
	GlobalSection(ProjectConfigurationPlatforms) = postSolution
		{F6C723D3-6B51-43CF-A608-6E3FE66C80DC}.Debug|Any CPU.ActiveCfg = Debug|Any CPU
		{F6C723D3-6B51-43CF-A608-6E3FE66C80DC}.Debug|Any CPU.Build.0 = Debug|Any CPU
		{F6C723D3-6B51-43CF-A608-6E3FE66C80DC}.Release|Any CPU.ActiveCfg = Release|Any CPU
		{F6C723D3-6B51-43CF-A608-6E3FE66C80DC}.Release|Any CPU.Build.0 = Release|Any CPU
	EndGlobalSection
	GlobalSection(SolutionProperties) = preSolution
		HideSolutionNode = FALSE
	EndGlobalSection
	GlobalSection(ExtensibilityGlobals) = postSolution
		SolutionGuid = {5A61A38C-2C4F-4228-97B9-6A5B9376E0B7}
	EndGlobalSection
EndGlobal
