
Microsoft Visual Studio Solution File, Format Version 12.00
# Visual Studio Version 16
VisualStudioVersion = 16.0.32002.261
MinimumVisualStudioVersion = 10.0.40219.1
Project("{FAE04EC0-301F-11D3-BF4B-00C04F79EFBC}") = "19.04.2022", "19.04.2022.csproj", "{F92BE099-028E-403E-81D9-1ACF13269DCF}"
EndProject
Global
	GlobalSection(SolutionConfigurationPlatforms) = preSolution
		Debug|Any CPU = Debug|Any CPU
		Release|Any CPU = Release|Any CPU
	EndGlobalSection
	GlobalSection(ProjectConfigurationPlatforms) = postSolution
		{F92BE099-028E-403E-81D9-1ACF13269DCF}.Debug|Any CPU.ActiveCfg = Debug|Any CPU
		{F92BE099-028E-403E-81D9-1ACF13269DCF}.Debug|Any CPU.Build.0 = Debug|Any CPU
		{F92BE099-028E-403E-81D9-1ACF13269DCF}.Release|Any CPU.ActiveCfg = Release|Any CPU
		{F92BE099-028E-403E-81D9-1ACF13269DCF}.Release|Any CPU.Build.0 = Release|Any CPU
	EndGlobalSection
	GlobalSection(SolutionProperties) = preSolution
		HideSolutionNode = FALSE
	EndGlobalSection
	GlobalSection(ExtensibilityGlobals) = postSolution
		SolutionGuid = {642ADDE1-0BCF-4C06-A804-87439B706EBE}
	EndGlobalSection
EndGlobal
