
Microsoft Visual Studio Solution File, Format Version 12.00
# Visual Studio Version 16
VisualStudioVersion = 16.0.32002.261
MinimumVisualStudioVersion = 10.0.40219.1
Project("{FAE04EC0-301F-11D3-BF4B-00C04F79EFBC}") = "14.03.2022-LinkedList", "14.03.2022-LinkedList.csproj", "{432054DB-6F64-4D63-ADFF-A1035FA1316B}"
EndProject
Global
	GlobalSection(SolutionConfigurationPlatforms) = preSolution
		Debug|Any CPU = Debug|Any CPU
		Release|Any CPU = Release|Any CPU
	EndGlobalSection
	GlobalSection(ProjectConfigurationPlatforms) = postSolution
		{432054DB-6F64-4D63-ADFF-A1035FA1316B}.Debug|Any CPU.ActiveCfg = Debug|Any CPU
		{432054DB-6F64-4D63-ADFF-A1035FA1316B}.Debug|Any CPU.Build.0 = Debug|Any CPU
		{432054DB-6F64-4D63-ADFF-A1035FA1316B}.Release|Any CPU.ActiveCfg = Release|Any CPU
		{432054DB-6F64-4D63-ADFF-A1035FA1316B}.Release|Any CPU.Build.0 = Release|Any CPU
	EndGlobalSection
	GlobalSection(SolutionProperties) = preSolution
		HideSolutionNode = FALSE
	EndGlobalSection
	GlobalSection(ExtensibilityGlobals) = postSolution
		SolutionGuid = {5929DCE9-3FF9-4015-9E41-BCC5BAC505C7}
	EndGlobalSection
EndGlobal
