
Microsoft Visual Studio Solution File, Format Version 12.00
# Visual Studio Version 16
VisualStudioVersion = 16.0.32002.261
MinimumVisualStudioVersion = 10.0.40219.1
Project("{FAE04EC0-301F-11D3-BF4B-00C04F79EFBC}") = "QuickSort", "QuickSort.csproj", "{AB42B47F-55D6-454C-ACE8-FA261231D9BE}"
EndProject
Global
	GlobalSection(SolutionConfigurationPlatforms) = preSolution
		Debug|Any CPU = Debug|Any CPU
		Release|Any CPU = Release|Any CPU
	EndGlobalSection
	GlobalSection(ProjectConfigurationPlatforms) = postSolution
		{AB42B47F-55D6-454C-ACE8-FA261231D9BE}.Debug|Any CPU.ActiveCfg = Debug|Any CPU
		{AB42B47F-55D6-454C-ACE8-FA261231D9BE}.Debug|Any CPU.Build.0 = Debug|Any CPU
		{AB42B47F-55D6-454C-ACE8-FA261231D9BE}.Release|Any CPU.ActiveCfg = Release|Any CPU
		{AB42B47F-55D6-454C-ACE8-FA261231D9BE}.Release|Any CPU.Build.0 = Release|Any CPU
	EndGlobalSection
	GlobalSection(SolutionProperties) = preSolution
		HideSolutionNode = FALSE
	EndGlobalSection
	GlobalSection(ExtensibilityGlobals) = postSolution
		SolutionGuid = {88ED7923-12C1-411A-81BD-A697B95FDD40}
	EndGlobalSection
EndGlobal
